
Microsoft Visual Studio Solution File, Format Version 12.00
# Visual Studio Version 17
VisualStudioVersion = 17.6.33801.468
MinimumVisualStudioVersion = 10.0.40219.1
Project("{FAE04EC0-301F-11D3-BF4B-00C04F79EFBC}") = "MVC_Model", "MVC_Model\MVC_Model.csproj", "{623419E2-C7E2-4F30-8F51-397CE39A024A}"
EndProject
Global
	GlobalSection(SolutionConfigurationPlatforms) = preSolution
		Debug|Any CPU = Debug|Any CPU
		Release|Any CPU = Release|Any CPU
	EndGlobalSection
	GlobalSection(ProjectConfigurationPlatforms) = postSolution
		{623419E2-C7E2-4F30-8F51-397CE39A024A}.Debug|Any CPU.ActiveCfg = Debug|Any CPU
		{623419E2-C7E2-4F30-8F51-397CE39A024A}.Debug|Any CPU.Build.0 = Debug|Any CPU
		{623419E2-C7E2-4F30-8F51-397CE39A024A}.Release|Any CPU.ActiveCfg = Release|Any CPU
		{623419E2-C7E2-4F30-8F51-397CE39A024A}.Release|Any CPU.Build.0 = Release|Any CPU
	EndGlobalSection
	GlobalSection(SolutionProperties) = preSolution
		HideSolutionNode = FALSE
	EndGlobalSection
	GlobalSection(ExtensibilityGlobals) = postSolution
		SolutionGuid = {01059C3F-D1B3-4FC6-A5E7-D4FE805C2029}
	EndGlobalSection
EndGlobal
