
Microsoft Visual Studio Solution File, Format Version 12.00
# Visual Studio Version 17
VisualStudioVersion = 17.6.33801.468
MinimumVisualStudioVersion = 10.0.40219.1
Project("{FAE04EC0-301F-11D3-BF4B-00C04F79EFBC}") = "ProductCRUD", "ProductCRUD\ProductCRUD.csproj", "{34BD9BBA-A51A-4516-9FE1-7235E68264AD}"
EndProject
Global
	GlobalSection(SolutionConfigurationPlatforms) = preSolution
		Debug|Any CPU = Debug|Any CPU
		Release|Any CPU = Release|Any CPU
	EndGlobalSection
	GlobalSection(ProjectConfigurationPlatforms) = postSolution
		{34BD9BBA-A51A-4516-9FE1-7235E68264AD}.Debug|Any CPU.ActiveCfg = Debug|Any CPU
		{34BD9BBA-A51A-4516-9FE1-7235E68264AD}.Debug|Any CPU.Build.0 = Debug|Any CPU
		{34BD9BBA-A51A-4516-9FE1-7235E68264AD}.Release|Any CPU.ActiveCfg = Release|Any CPU
		{34BD9BBA-A51A-4516-9FE1-7235E68264AD}.Release|Any CPU.Build.0 = Release|Any CPU
	EndGlobalSection
	GlobalSection(SolutionProperties) = preSolution
		HideSolutionNode = FALSE
	EndGlobalSection
	GlobalSection(ExtensibilityGlobals) = postSolution
		SolutionGuid = {1E7A994C-C539-499A-8E31-3F23289B7B63}
	EndGlobalSection
EndGlobal
