
Microsoft Visual Studio Solution File, Format Version 12.00
# Visual Studio Version 17
VisualStudioVersion = 17.6.33801.468
MinimumVisualStudioVersion = 10.0.40219.1
Project("{FAE04EC0-301F-11D3-BF4B-00C04F79EFBC}") = "First Crud using API", "First Crud using API\First Crud using API.csproj", "{72437544-1A05-45B0-96A9-4204B2E01CB2}"
EndProject
Global
	GlobalSection(SolutionConfigurationPlatforms) = preSolution
		Debug|Any CPU = Debug|Any CPU
		Release|Any CPU = Release|Any CPU
	EndGlobalSection
	GlobalSection(ProjectConfigurationPlatforms) = postSolution
		{72437544-1A05-45B0-96A9-4204B2E01CB2}.Debug|Any CPU.ActiveCfg = Debug|Any CPU
		{72437544-1A05-45B0-96A9-4204B2E01CB2}.Debug|Any CPU.Build.0 = Debug|Any CPU
		{72437544-1A05-45B0-96A9-4204B2E01CB2}.Release|Any CPU.ActiveCfg = Release|Any CPU
		{72437544-1A05-45B0-96A9-4204B2E01CB2}.Release|Any CPU.Build.0 = Release|Any CPU
	EndGlobalSection
	GlobalSection(SolutionProperties) = preSolution
		HideSolutionNode = FALSE
	EndGlobalSection
	GlobalSection(ExtensibilityGlobals) = postSolution
		SolutionGuid = {F27AADC8-1901-45FD-BAE7-4BD79F3CCF40}
	EndGlobalSection
EndGlobal
