
Microsoft Visual Studio Solution File, Format Version 12.00
# Visual Studio Version 17
VisualStudioVersion = 17.6.33801.468
MinimumVisualStudioVersion = 10.0.40219.1
Project("{FAE04EC0-301F-11D3-BF4B-00C04F79EFBC}") = "Authentication Forms", "Authentication Forms\Authentication Forms.csproj", "{38CD3F63-F6A3-47C0-AE3B-878560E456F5}"
EndProject
Global
	GlobalSection(SolutionConfigurationPlatforms) = preSolution
		Debug|Any CPU = Debug|Any CPU
		Release|Any CPU = Release|Any CPU
	EndGlobalSection
	GlobalSection(ProjectConfigurationPlatforms) = postSolution
		{38CD3F63-F6A3-47C0-AE3B-878560E456F5}.Debug|Any CPU.ActiveCfg = Debug|Any CPU
		{38CD3F63-F6A3-47C0-AE3B-878560E456F5}.Debug|Any CPU.Build.0 = Debug|Any CPU
		{38CD3F63-F6A3-47C0-AE3B-878560E456F5}.Release|Any CPU.ActiveCfg = Release|Any CPU
		{38CD3F63-F6A3-47C0-AE3B-878560E456F5}.Release|Any CPU.Build.0 = Release|Any CPU
	EndGlobalSection
	GlobalSection(SolutionProperties) = preSolution
		HideSolutionNode = FALSE
	EndGlobalSection
	GlobalSection(ExtensibilityGlobals) = postSolution
		SolutionGuid = {F4FDAC86-E9F9-4FA3-AC83-2382F8527EC3}
	EndGlobalSection
EndGlobal
