
Microsoft Visual Studio Solution File, Format Version 12.00
# Visual Studio Version 17
VisualStudioVersion = 17.6.33801.468
MinimumVisualStudioVersion = 10.0.40219.1
Project("{FAE04EC0-301F-11D3-BF4B-00C04F79EFBC}") = "CRUD OPS", "CRUD OPS\CRUD OPS.csproj", "{709730BC-1A85-4182-A030-F670F1AB01EE}"
EndProject
Global
	GlobalSection(SolutionConfigurationPlatforms) = preSolution
		Debug|Any CPU = Debug|Any CPU
		Release|Any CPU = Release|Any CPU
	EndGlobalSection
	GlobalSection(ProjectConfigurationPlatforms) = postSolution
		{709730BC-1A85-4182-A030-F670F1AB01EE}.Debug|Any CPU.ActiveCfg = Debug|Any CPU
		{709730BC-1A85-4182-A030-F670F1AB01EE}.Debug|Any CPU.Build.0 = Debug|Any CPU
		{709730BC-1A85-4182-A030-F670F1AB01EE}.Release|Any CPU.ActiveCfg = Release|Any CPU
		{709730BC-1A85-4182-A030-F670F1AB01EE}.Release|Any CPU.Build.0 = Release|Any CPU
	EndGlobalSection
	GlobalSection(SolutionProperties) = preSolution
		HideSolutionNode = FALSE
	EndGlobalSection
	GlobalSection(ExtensibilityGlobals) = postSolution
		SolutionGuid = {87F66B5E-439F-40C9-BF11-B696695C924A}
	EndGlobalSection
EndGlobal
